{
  "version": "2",
  "remote": {
    "https://deno.land/std@0.155.0/async/abortable.ts": "87aa7230be8360c24ad437212311c9e8d4328854baec27b4c7abb26e85515c06",
    "https://deno.land/std@0.155.0/async/deadline.ts": "48ac998d7564969f3e6ec6b6f9bf0217ebd00239b1b2292feba61272d5dd58d0",
    "https://deno.land/std@0.155.0/async/debounce.ts": "de5433bff08a2bb61416fc53b3bd2d5867090c8a815465e5b4a10a77495b1051",
    "https://deno.land/std@0.155.0/async/deferred.ts": "c01de44b9192359cebd3fe93273fcebf9e95110bf3360023917da9a2d1489fae",
    "https://deno.land/std@0.155.0/async/delay.ts": "0419dfc993752849692d1f9647edf13407c7facc3509b099381be99ffbc9d699",
    "https://deno.land/std@0.155.0/async/mod.ts": "dd0a8ed4f3984ffabe2fcca7c9f466b7932d57b1864ffee148a5d5388316db6b",
    "https://deno.land/std@0.155.0/async/mux_async_iterator.ts": "3447b28a2a582224a3d4d3596bccbba6e85040da3b97ed64012f7decce98d093",
    "https://deno.land/std@0.155.0/async/pool.ts": "ef9eb97b388543acbf0ac32647121e4dbe629236899586c4d4311a8770fbb239",
    "https://deno.land/std@0.155.0/async/tee.ts": "d27680d911816fcb3d231e16d690e7588079e66a9b2e5ce8cc354db94fdce95f",
    "https://deno.land/std@0.155.0/http/server.ts": "e2e16f0b124ffef022ad04797d4250d6e4fc0d9579780999091949b17789dd1a",
    "https://deno.land/std@0.193.0/_util/asserts.ts": "178dfc49a464aee693a7e285567b3d0b555dc805ff490505a8aae34f9cfb1462",
    "https://deno.land/std@0.193.0/_util/os.ts": "d932f56d41e4f6a6093d56044e29ce637f8dcc43c5a90af43504a889cf1775e3",
    "https://deno.land/std@0.193.0/async/deferred.ts": "42790112f36a75a57db4a96d33974a936deb7b04d25c6084a9fa8a49f135def8",
    "https://deno.land/std@0.193.0/bytes/bytes_list.ts": "31d664f4d42fa922066405d0e421c56da89d751886ee77bbe25a88bf0310c9d0",
    "https://deno.land/std@0.193.0/bytes/concat.ts": "d26d6f3d7922e6d663dacfcd357563b7bf4a380ce5b9c2bbe0c8586662f25ce2",
    "https://deno.land/std@0.193.0/bytes/copy.ts": "939d89e302a9761dcf1d9c937c7711174ed74c59eef40a1e4569a05c9de88219",
    "https://deno.land/std@0.193.0/bytes/ends_with.ts": "4228811ebc71615d27f065c54b5e815ec1972538772b0f413c0efe05245b472e",
    "https://deno.land/std@0.193.0/bytes/equals.ts": "fc190cce412b2136979181b163ec7e05f7e7a947e39102eee4b8c0d62519ddf9",
    "https://deno.land/std@0.193.0/bytes/includes_needle.ts": "76a8163126fb2f8bf86fd7f22192c3bb04bf6a20b987a095127c2ca08adf3ba6",
    "https://deno.land/std@0.193.0/bytes/index_of_needle.ts": "9c06610e9611b5647ac25952e71a22e09227c9f1b8cbeeb33399bf8bf8a7f649",
    "https://deno.land/std@0.193.0/bytes/last_index_of_needle.ts": "f1602f221c3b678bc4f1e1c88a70a15ab7da32c21751dbbc6c957c956951d784",
    "https://deno.land/std@0.193.0/bytes/mod.ts": "e869bba1e7a2e3a9cc6c2d55471888429a544e70a840c087672e656e7ba21815",
    "https://deno.land/std@0.193.0/bytes/repeat.ts": "6f5e490d8d72bcbf8d84a6bb04690b9b3eb5822c5a11687bca73a2318a842294",
    "https://deno.land/std@0.193.0/bytes/starts_with.ts": "3e607a70c9c09f5140b7a7f17a695221abcc7244d20af3eb47ccbb63f5885135",
    "https://deno.land/std@0.193.0/crypto/keystack.ts": "877ab0f19eb7d37ad6495190d3c3e39f58e9c52e0b6a966f82fd6df67ca55f90",
    "https://deno.land/std@0.193.0/crypto/timing_safe_equal.ts": "0fae34ee02264f309ae0b6e54e9746a7aba3996e5454903ed106967a7a9ef665",
    "https://deno.land/std@0.193.0/encoding/base64.ts": "144ae6234c1fbe5b68666c711dc15b1e9ee2aef6d42b3b4345bf9a6c91d70d0d",
    "https://deno.land/std@0.193.0/encoding/base64url.ts": "2ed4ba122b20fedf226c5d337cf22ee2024fa73a8f85d915d442af7e9ce1fae1",
    "https://deno.land/std@0.193.0/http/_negotiation/common.ts": "14d1a52427ab258a4b7161cd80e1d8a207b7cc64b46e911780f57ead5f4323c6",
    "https://deno.land/std@0.193.0/http/_negotiation/encoding.ts": "ff747d107277c88cb7a6a62a08eeb8d56dad91564cbcccb30694d5dc126dcc53",
    "https://deno.land/std@0.193.0/http/_negotiation/language.ts": "7bcddd8db3330bdb7ce4fc00a213c5547c1968139864201efd67ef2d0d51887d",
    "https://deno.land/std@0.193.0/http/_negotiation/media_type.ts": "58847517cd549384ad677c0fe89e0a4815be36fe7a303ea63cee5f6a1d7e1692",
    "https://deno.land/std@0.193.0/http/cookie_map.ts": "d148a5eaf35f19905dd5104126fa47ac71105306dd42f129732365e43108b28a",
    "https://deno.land/std@0.193.0/http/etag.ts": "6ad8abbbb1045aabf2307959a2c5565054a8bf01c9824ddee836b1ff22706a58",
    "https://deno.land/std@0.193.0/http/http_errors.ts": "bbda34819060af86537cecc9dc8e045f877130808b7e7acde4197c5328e852d0",
    "https://deno.land/std@0.193.0/http/http_status.ts": "8a7bcfe3ac025199ad804075385e57f63d055b2aed539d943ccc277616d6f932",
    "https://deno.land/std@0.193.0/http/method.ts": "e66c2a015cb46c21ab0bb3589aa4fca43143a506cb324ffdfd42d2edef7bc0c4",
    "https://deno.land/std@0.193.0/http/negotiation.ts": "46e74a6bad4b857333a58dc5b50fe8e5a4d5267e97292293ea65f980bd918086",
    "https://deno.land/std@0.193.0/http/server_sent_event.ts": "1f3597d175e8935123306a24d7f4423a463667a70953d17b4115af1880459d55",
    "https://deno.land/std@0.193.0/http/user_agent.ts": "6f4308670f261118cc6a1518bf37431a5b4f21322b4a4edf0963e182264ce404",
    "https://deno.land/std@0.193.0/io/buf_reader.ts": "06fff3337091c49e99ebd2dd790c9a90364c087a2953ea081667400fd6c6cebb",
    "https://deno.land/std@0.193.0/io/buf_writer.ts": "48c33c8f00b61dcbc7958706741cec8e59810bd307bc6a326cbd474fe8346dfd",
    "https://deno.land/std@0.193.0/io/buffer.ts": "17f4410eaaa60a8a85733e8891349a619eadfbbe42e2f319283ce2b8f29723ab",
    "https://deno.land/std@0.193.0/io/copy_n.ts": "0cc7ce07c75130f6fc18621ec1911c36e147eb9570664fee0ea12b1988167590",
    "https://deno.land/std@0.193.0/io/limited_reader.ts": "6c9a216f8eef39c1ee2a6b37a29372c8fc63455b2eeb91f06d9646f8f759fc8b",
    "https://deno.land/std@0.193.0/io/mod.ts": "2665bcccc1fd6e8627cca167c3e92aaecbd9897556b6f69e6d258070ef63fd9b",
    "https://deno.land/std@0.193.0/io/multi_reader.ts": "9c2a0a31686c44b277e16da1d97b4686a986edcee48409b84be25eedbc39b271",
    "https://deno.land/std@0.193.0/io/read_delim.ts": "c02b93cc546ae8caad8682ae270863e7ace6daec24c1eddd6faabc95a9d876a3",
    "https://deno.land/std@0.193.0/io/read_int.ts": "7cb8bcdfaf1107586c3bacc583d11c64c060196cb070bb13ae8c2061404f911f",
    "https://deno.land/std@0.193.0/io/read_lines.ts": "c526c12a20a9386dc910d500f9cdea43cba974e853397790bd146817a7eef8cc",
    "https://deno.land/std@0.193.0/io/read_long.ts": "f0aaa420e3da1261c5d33c5e729f09922f3d9fa49f046258d4ff7a00d800c71e",
    "https://deno.land/std@0.193.0/io/read_range.ts": "28152daf32e43dd9f7d41d8466852b0d18ad766cd5c4334c91fef6e1b3a74eb5",
    "https://deno.land/std@0.193.0/io/read_short.ts": "805cb329574b850b84bf14a92c052c59b5977a492cd780c41df8ad40826c1a20",
    "https://deno.land/std@0.193.0/io/read_string_delim.ts": "5dc9f53bdf78e7d4ee1e56b9b60352238ab236a71c3e3b2a713c3d78472a53ce",
    "https://deno.land/std@0.193.0/io/slice_long_to_bytes.ts": "48d9bace92684e880e46aa4a2520fc3867f9d7ce212055f76ecc11b22f9644b7",
    "https://deno.land/std@0.193.0/io/string_reader.ts": "da0f68251b3d5b5112485dfd4d1b1936135c9b4d921182a7edaf47f74c25cc8f",
    "https://deno.land/std@0.193.0/io/string_writer.ts": "8a03c5858c24965a54c6538bed15f32a7c72f5704a12bda56f83a40e28e5433e",
    "https://deno.land/std@0.193.0/media_types/_db.ts": "7606d83e31f23ce1a7968cbaee852810c2cf477903a095696cdc62eaab7ce570",
    "https://deno.land/std@0.193.0/media_types/_util.ts": "916efbd30b6148a716f110e67a4db29d6949bf4048997b754415dd7e42c52378",
    "https://deno.land/std@0.193.0/media_types/content_type.ts": "ad98a5aa2d95f5965b2796072284258710a25e520952376ed432b0937ce743bc",
    "https://deno.land/std@0.193.0/media_types/extension.ts": "a7cd28c9417143387cdfed27d4e8607ebcf5b1ec27eb8473d5b000144689fe65",
    "https://deno.land/std@0.193.0/media_types/extensions_by_type.ts": "43806d6a52a0d6d965ada9d20e60a982feb40bc7a82268178d94edb764694fed",
    "https://deno.land/std@0.193.0/media_types/format_media_type.ts": "f5e1073c05526a6f5a516ac5c5587a1abd043bf1039c71cde1166aa4328c8baf",
    "https://deno.land/std@0.193.0/media_types/get_charset.ts": "18b88274796fda5d353806bf409eb1d2ddb3f004eb4bd311662c4cdd8ac173db",
    "https://deno.land/std@0.193.0/media_types/mod.ts": "d3f0b99f85053bc0b98ecc24eaa3546dfa09b856dc0bbaf60d8956d2cdd710c8",
    "https://deno.land/std@0.193.0/media_types/parse_media_type.ts": "835c4112e1357e95b4f10d7cdea5ae1801967e444f48673ff8f1cb4d32af9920",
    "https://deno.land/std@0.193.0/media_types/type_by_extension.ts": "daa801eb0f11cdf199445d0f1b656cf116d47dcf9e5b85cc1e6b4469f5ee0432",
    "https://deno.land/std@0.193.0/media_types/vendor/mime-db.v1.52.0.ts": "6925bbcae81ca37241e3f55908d0505724358cda3384eaea707773b2c7e99586",
    "https://deno.land/std@0.193.0/path/_constants.ts": "e49961f6f4f48039c0dfed3c3f93e963ca3d92791c9d478ac5b43183413136e0",
    "https://deno.land/std@0.193.0/path/_interface.ts": "6471159dfbbc357e03882c2266d21ef9afdb1e4aa771b0545e90db58a0ba314b",
    "https://deno.land/std@0.193.0/path/_util.ts": "d7abb1e0dea065f427b89156e28cdeb32b045870acdf865833ba808a73b576d0",
    "https://deno.land/std@0.193.0/path/common.ts": "ee7505ab01fd22de3963b64e46cff31f40de34f9f8de1fff6a1bd2fe79380000",
    "https://deno.land/std@0.193.0/path/glob.ts": "d479e0a695621c94d3fd7fe7abd4f9499caf32a8de13f25073451c6ef420a4e1",
    "https://deno.land/std@0.193.0/path/mod.ts": "f065032a7189404fdac3ad1a1551a9ac84751d2f25c431e101787846c86c79ef",
    "https://deno.land/std@0.193.0/path/posix.ts": "8b7c67ac338714b30c816079303d0285dd24af6b284f7ad63da5b27372a2c94d",
    "https://deno.land/std@0.193.0/path/separator.ts": "0fb679739d0d1d7bf45b68dacfb4ec7563597a902edbaf3c59b50d5bcadd93b1",
    "https://deno.land/std@0.193.0/path/win32.ts": "d186344e5583bcbf8b18af416d13d82b35a317116e6460a5a3953508c3de5bba",
    "https://deno.land/std@0.193.0/streams/_common.ts": "f45cba84f0d813de3326466095539602364a9ba521f804cc758f7a475cda692d",
    "https://deno.land/std@0.193.0/streams/buffer.ts": "d5b3d7d0299114e5b2ea895a8bf202a687fd915c5282f8096c7bae23b5a04407",
    "https://deno.land/std@0.193.0/streams/byte_slice_stream.ts": "225d57263a34325d7c96cb3dafeb478eec0e6fd05cd0458d678752eadd132bb4",
    "https://deno.land/std@0.193.0/streams/copy.ts": "75cbc795ff89291df22ddca5252de88b2e16d40c85d02840593386a8a1454f71",
    "https://deno.land/std@0.193.0/streams/delimiter_stream.ts": "f69e849b3d1f59f02424497273f411105a6f76a9f13da92aeeb9a2d554236814",
    "https://deno.land/std@0.193.0/streams/early_zip_readable_streams.ts": "4005fa74162b943f79899e5d7cb96adcbc0a6b867f9144974ed12d30e0a556e1",
    "https://deno.land/std@0.193.0/streams/iterate_reader.ts": "bbec1d45c2df2c0c5920bad0549351446fdc8e0886d99e95959b259dbcdb6072",
    "https://deno.land/std@0.193.0/streams/limited_bytes_transform_stream.ts": "05dc592ffaab83257494d22dd53917e56243c26e5e3129b3f13ddbbbc4785048",
    "https://deno.land/std@0.193.0/streams/limited_transform_stream.ts": "d69ab790232c1b86f53621ad41ef03c235f2abb4b7a1cd51960ad6e12ee55e38",
    "https://deno.land/std@0.193.0/streams/merge_readable_streams.ts": "dc2db0cbf1b14d999aa2aa2a2a1ba24ce58953878f29845ed9319321d0a01fab",
    "https://deno.land/std@0.193.0/streams/mod.ts": "c07ec010e700b9ea887dc36ca08729828bc7912f711e4054e24d33fd46282252",
    "https://deno.land/std@0.193.0/streams/read_all.ts": "ee319772fb0fd28302f97343cc48dfcf948f154fd0d755d8efe65814b70533be",
    "https://deno.land/std@0.193.0/streams/readable_stream_from_iterable.ts": "cd4bb9e9bf6dbe84c213beb1f5085c326624421671473e410cfaecad15f01865",
    "https://deno.land/std@0.193.0/streams/readable_stream_from_reader.ts": "bfc416c4576a30aac6b9af22c9dc292c20c6742141ee7c55b5e85460beb0c54e",
    "https://deno.land/std@0.193.0/streams/reader_from_iterable.ts": "55f68110dce3f8f2c87b834d95f153bc904257fc65175f9f2abe78455cb8047c",
    "https://deno.land/std@0.193.0/streams/reader_from_stream_reader.ts": "fa4971e5615a010e49492c5d1688ca1a4d17472a41e98b498ab89a64ebd7ac73",
    "https://deno.land/std@0.193.0/streams/text_delimiter_stream.ts": "20e680ab8b751390e359288ce764f9c47d164af11a263870746eeca4bc7d976b",
    "https://deno.land/std@0.193.0/streams/text_line_stream.ts": "0f2c4b33a5fdb2476f2e060974cba1347cefe99a4af33c28a57524b1a34750fa",
    "https://deno.land/std@0.193.0/streams/to_transform_stream.ts": "7f55fc0b14cf3ed0f8d10d8f41d05bdc40726e44a65c37f58705d10a615f0159",
    "https://deno.land/std@0.193.0/streams/writable_stream_from_writer.ts": "56fff5c82fb736fdd669b567cc0b2bbbe0351002cd13254eae26c366e2bed89a",
    "https://deno.land/std@0.193.0/streams/write_all.ts": "aec90152978581ea62d56bb53a5cbf487e6a89c902f87c5969681ffbdf32b998",
    "https://deno.land/std@0.193.0/streams/writer_from_stream_writer.ts": "07c7ee025151a190f37fc42cbb01ff93afc949119ebddc6e0d0df14df1bf6950",
    "https://deno.land/std@0.193.0/streams/zip_readable_streams.ts": "a9d81aa451240f79230add674809dbee038d93aabe286e2d9671e66591fc86ca",
    "https://deno.land/std@0.194.0/collections/filter_values.ts": "5b9feaf17b9a6e5ffccdd36cf6f38fa4ffa94cff2602d381c2ad0c2a97929652",
    "https://deno.land/std@0.194.0/collections/without_all.ts": "a89f5da0b5830defed4f59666e188df411d8fece35a5f6ca69be6ca71a95c185",
    "https://deno.land/std@0.194.0/dotenv/mod.ts": "39e5d19e077e55d7e01ea600eb1c6d1e18a8dfdfc65d68826257a576788da3a4",
    "https://deno.land/std@0.201.0/dotenv/load.ts": "0636983549b98f29ab75c9a22a42d9723f0a389ece5498fe971e7bb2556a12e2",
    "https://deno.land/std@0.201.0/dotenv/mod.ts": "1da8c6d0e7f7d8a5c2b19400b763bc11739df24acec235dda7ea2cfd3d300057",
    "https://deno.land/x/base64@v0.2.1/base.ts": "47dc8d68f07dc91524bdd6db36eccbe59cf4d935b5fc09f27357a3944bb3ff7b",
    "https://deno.land/x/base64@v0.2.1/base64url.ts": "18bbf879b31f1f32cca8adaa2b6885ae325c2cec6a66c5817b684ca12c46ad5e",
    "https://deno.land/x/oak@v12.6.0/application.ts": "3028d3f6fa5ee743de013881550d054372c11d83c45099c2d794033786d27008",
    "https://deno.land/x/oak@v12.6.0/body.ts": "1899761b97fc9d776f3710b2637fb047ba29b968609afc6c0e5219b1108e703c",
    "https://deno.land/x/oak@v12.6.0/buf_reader.ts": "26640736541598dbd9f2b84a9d0595756afff03c9ca55b66eef1911f7798b56d",
    "https://deno.land/x/oak@v12.6.0/content_disposition.ts": "8b8c3cb2fba7138cd5b7f82fc3b5ea39b33db924a824b28261659db7e164621e",
    "https://deno.land/x/oak@v12.6.0/context.ts": "895a2d40186b89c28ba3947bf08a9335f1a11fc33133f760082536b74c53d1ca",
    "https://deno.land/x/oak@v12.6.0/deps.ts": "6c601cd79f39489ad37d87587ad0c6fe53d838946ffa5a3e7e9600e7a01dc6d9",
    "https://deno.land/x/oak@v12.6.0/etag.ts": "32e47726b41698aefdd71faac5aaf2907c9bdd41ef18a7693863be4f8fee115d",
    "https://deno.land/x/oak@v12.6.0/forwarded.ts": "e656f96a85574e2a6ee54dc35efc9f72d543c9ae0923760ef426ee7369eef01c",
    "https://deno.land/x/oak@v12.6.0/headers.ts": "769fd042d34fbcd5667cbd745b5c65d335cc8430e822dbf1f87d65313cab4b47",
    "https://deno.land/x/oak@v12.6.0/helpers.ts": "6b03c6a2be06ec775d54449e442a2bac234aa952948ca758356eab6dc87af618",
    "https://deno.land/x/oak@v12.6.0/http_server_native.ts": "6232bed3d7bc17136d1a7f7685a6f8a79c943694463f71cf743eac58e75ec34c",
    "https://deno.land/x/oak@v12.6.0/http_server_native_request.ts": "552b174b5e13e92de8897d5b6f716b1e5a53543115481d65a651a41e4ca29ec9",
    "https://deno.land/x/oak@v12.6.0/isMediaType.ts": "62d638abcf837ece3a8f07a4b7ca59794135cb0d4b73194c7d5837efd4161005",
    "https://deno.land/x/oak@v12.6.0/mediaTyper.ts": "042b853fc8e9c3f6c628dd389e03ef481552bf07242efc3f8a1af042102a6105",
    "https://deno.land/x/oak@v12.6.0/middleware.ts": "c7f7a0424a6dd99a00e4b8d7d6e131efc0facc8dea781845d713b63df8ef1862",
    "https://deno.land/x/oak@v12.6.0/middleware/proxy.ts": "6f2799cf60d926e7a8d13ff757a59d7f0f930407db7ee9b81e7c064138eb89ff",
    "https://deno.land/x/oak@v12.6.0/mod.ts": "f6aa47ad1b6099470c9a884cccad9d3ac0fd242ba940896291ab76cd26cf554b",
    "https://deno.land/x/oak@v12.6.0/multipart.ts": "1484e01b98f5135f2aa09f7d0ce1e7be39109bf9f045ac660e941619d04e3d29",
    "https://deno.land/x/oak@v12.6.0/range.ts": "1ca15fc1ac21c650c34e6997a75af2af9d9d8eb6fe2d5d1dadeac3dfd4a9c152",
    "https://deno.land/x/oak@v12.6.0/request.ts": "794e5e12c2d369c2b8a6c998be5ca96c6e0315cae73069b85bc537901811073c",
    "https://deno.land/x/oak@v12.6.0/response.ts": "7172285e58947057f36d6536b52a9cdffbdb03616555fa8e94b87f469a105f8a",
    "https://deno.land/x/oak@v12.6.0/router.ts": "0f53d6249f9e8f89f2522b2b810b9302d0f22593c184b16b24b03bf2b7d42ea1",
    "https://deno.land/x/oak@v12.6.0/send.ts": "5ec49f106294593f468317a0c885da4f3274bf6d0fe9e16a7304391730b4f4fb",
    "https://deno.land/x/oak@v12.6.0/structured_clone.ts": "c3888b14d1eec558345bfbf13d0993d59bd45aaa8588444e35dd558c3a921cd8",
    "https://deno.land/x/oak@v12.6.0/testing.ts": "37d684d57bb8e5150fb5eb2677e66b04dcb422709cf2c5a74c1df94d52aa02e2",
    "https://deno.land/x/oak@v12.6.0/util.ts": "0a3fdffb114859c2de84e1783efa3a544af4d2af8c6f08e0d25655de9d3e69bb",
    "https://deno.land/x/path_to_regexp@v6.2.1/index.ts": "894060567837bae8fc9c5cbd4d0a05e9024672083d5883b525c031eea940e556",
    "https://deno.land/x/sha1@v1.0.3/deps.ts": "2e1af51a48c8507017fdb057b950366601b177fb7e73d5de54c1b3e0e115d72e",
    "https://deno.land/x/sha1@v1.0.3/mod.ts": "146a101c9776cc9c807053c93f23e4b321ade5251f65745df418f4a75d5fd27b",
    "https://deno.land/x/upstash_redis@v1.22.0/mod.ts": "f1a992becfa0885c41706cfed6ba7c97fc8b87662d2f5161559629694b5bcb56",
    "https://deno.land/x/upstash_redis@v1.22.0/pkg/commands/append.ts": "7c1612a3a5543926afb8dd3ca8086e5d7ef5c3dcbda0ca30eb720259e707f651",
    "https://deno.land/x/upstash_redis@v1.22.0/pkg/commands/bitcount.ts": "8efbd9bfa25a58daf0773adaf00f7ae2c6a7a6a621f11158c53bcfe88d12b255",
    "https://deno.land/x/upstash_redis@v1.22.0/pkg/commands/bitop.ts": "dcaa11a96429b0fb5595a63967f7e8751683785a0baba87d7aa027df03fcd06e",
    "https://deno.land/x/upstash_redis@v1.22.0/pkg/commands/bitpos.ts": "2c74aa14054407f66a12764f9cd2a3ca16a5d4f4f59c70815274362c015aa428",
    "https://deno.land/x/upstash_redis@v1.22.0/pkg/commands/command.ts": "082d3246db2ebf4b70dac81e15e41125c20c3a04fc3795e710c47118d908bd27",
    "https://deno.land/x/upstash_redis@v1.22.0/pkg/commands/dbsize.ts": "7509e8630675755e82d7294a556466f1b36cb3caf3829f836b25cdb7cf95e404",
    "https://deno.land/x/upstash_redis@v1.22.0/pkg/commands/decr.ts": "3ee6c714f01b12f9fa9bd755d99b098f7c7b42c50ff1589e6c47ccb720fef3c2",
    "https://deno.land/x/upstash_redis@v1.22.0/pkg/commands/decrby.ts": "1abe00bb7a8f935413dd3a5030d94df1761cd44c0bcffa5caa641f8e32d0961f",
    "https://deno.land/x/upstash_redis@v1.22.0/pkg/commands/del.ts": "898bf42c3f758bae1d3d2a9d9ac82e1fdfdf72179caa65fd8c42ebe191db6cea",
    "https://deno.land/x/upstash_redis@v1.22.0/pkg/commands/echo.ts": "8bcb79701c8fe9439c2fd92f0a83d5db663c8e084da65c8cbb851a071b8c8bb6",
    "https://deno.land/x/upstash_redis@v1.22.0/pkg/commands/eval.ts": "99d740003e7769e26f5511896f65a57ee4c987ec875b744cefe1f2522cfd2c05",
    "https://deno.land/x/upstash_redis@v1.22.0/pkg/commands/evalsha.ts": "da213bf79e83b6895dc8805dc033e00fa357f95728fef87ab7e066d0aa0683d3",
    "https://deno.land/x/upstash_redis@v1.22.0/pkg/commands/exists.ts": "96310238f26a8569a0100a36f2dc2bc60de371736fe723809ceb4c49c8a6cc74",
    "https://deno.land/x/upstash_redis@v1.22.0/pkg/commands/expire.ts": "f9ea57ea9e3c801c1f628d74f55337cf04f9184c8f3e75f55528dee29c881fad",
    "https://deno.land/x/upstash_redis@v1.22.0/pkg/commands/expireat.ts": "ec738e5cca59c56b0d43e564ef16951cdda963b4849850ced1df3ba62596994c",
    "https://deno.land/x/upstash_redis@v1.22.0/pkg/commands/flushall.ts": "365876a9cfe254286da033f275ac4a0d11349c96cacd1461f0d3c23b07957ac6",
    "https://deno.land/x/upstash_redis@v1.22.0/pkg/commands/flushdb.ts": "369e628d24ce41ba6c0518a955c48e2a9359dd4b831d7211fc8d0621ccfc0af7",
    "https://deno.land/x/upstash_redis@v1.22.0/pkg/commands/get.ts": "ef4968bc57ffc5826d178f56bdade982b6d93ab875d2bb516363beefef52fc59",
    "https://deno.land/x/upstash_redis@v1.22.0/pkg/commands/getbit.ts": "c29aec972672a1827796a2b4419ccc5b91d8d080fd237eb2b1cc4cdd88d2967b",
    "https://deno.land/x/upstash_redis@v1.22.0/pkg/commands/getdel.ts": "b2caaffdf46957769c2c278e637cf8d8f1a594e4747a0bb7ef0155e1b121754d",
    "https://deno.land/x/upstash_redis@v1.22.0/pkg/commands/getrange.ts": "65deab3bd5ea316693fb966912ba4a1114c619c2a1d00b72599e40c532456481",
    "https://deno.land/x/upstash_redis@v1.22.0/pkg/commands/getset.ts": "df7ded3779f9faf329c2023097db901302aaeece7bde0691ae61ea1daf967b39",
    "https://deno.land/x/upstash_redis@v1.22.0/pkg/commands/hdel.ts": "8bc463c5e78c8ce1e0d3a1fb254236de0d8d0da3f26dfdb452d14163a70a3639",
    "https://deno.land/x/upstash_redis@v1.22.0/pkg/commands/hexists.ts": "4f96fcdf8b15a982922b6bf9cfa9fc891582b5da9b0eb9d92a9eb13594c99048",
    "https://deno.land/x/upstash_redis@v1.22.0/pkg/commands/hget.ts": "5566c8e0a0f9ecdb9e65a66cfc740d224c90d9a172558361abc180c1dc2e9522",
    "https://deno.land/x/upstash_redis@v1.22.0/pkg/commands/hgetall.ts": "64b7edc984a385ef64e046e4761e83dbfb460c310893b02e9ef7390a1ca30bd5",
    "https://deno.land/x/upstash_redis@v1.22.0/pkg/commands/hincrby.ts": "d112a0bf6de6ee49ef43053687f263b300cd6ff8da999299b423906ce9e06b3c",
    "https://deno.land/x/upstash_redis@v1.22.0/pkg/commands/hincrbyfloat.ts": "e22c06c24fbaa51849938e65e89daca9e77a95229154c1a99a9514124ad057ef",
    "https://deno.land/x/upstash_redis@v1.22.0/pkg/commands/hkeys.ts": "516edcd187a3d5387201db43adacfe029fe87d687224e46d3fa5694fd01c07ba",
    "https://deno.land/x/upstash_redis@v1.22.0/pkg/commands/hlen.ts": "2b1e8c671706e32f83246cf94e828e5e6d8c3c39373ce4c27fee41bc3b239bc1",
    "https://deno.land/x/upstash_redis@v1.22.0/pkg/commands/hmget.ts": "2ee9bfe03982411fb0b1f58be7332b44afe38906c3e9d90ac35ba2e0e14ac8ec",
    "https://deno.land/x/upstash_redis@v1.22.0/pkg/commands/hmset.ts": "c9388d874f8825be5b3f2c991b46686b942df35b6abd39bcdb2a829c6348f905",
    "https://deno.land/x/upstash_redis@v1.22.0/pkg/commands/hrandfield.ts": "1128cea1d732b99e8993a2ad472f654d77829e31de0f2fbd0143dfbe793a01f2",
    "https://deno.land/x/upstash_redis@v1.22.0/pkg/commands/hscan.ts": "5297cf93d7231494456fcd0318fbea916aa7338dc19d442a787426834390e5c0",
    "https://deno.land/x/upstash_redis@v1.22.0/pkg/commands/hset.ts": "ebb77f26c642ea9791402c08aaf8149e66f035122b971bcb07de403187e95291",
    "https://deno.land/x/upstash_redis@v1.22.0/pkg/commands/hsetnx.ts": "4e51c84029d748cd56374d02b6fadb58b372b6274723c89505454c874a4a764c",
    "https://deno.land/x/upstash_redis@v1.22.0/pkg/commands/hstrlen.ts": "9fd3e3ff9dda9fd1592f24c08e30224f905a76de057099d848dd1c5e7c3fdc3d",
    "https://deno.land/x/upstash_redis@v1.22.0/pkg/commands/hvals.ts": "a8dc9595641af7aa9eabdeab2b4dc6d08ce6de28491c44d0154f547fbea0a212",
    "https://deno.land/x/upstash_redis@v1.22.0/pkg/commands/incr.ts": "1cdbddd6d29bec792f0ba8f435cbdced660d7f23d87a444c850e5d4c400cc398",
    "https://deno.land/x/upstash_redis@v1.22.0/pkg/commands/incrby.ts": "ccbaae06a96987ddeba48ac999e3274c63f37fc5d2ee8de4780c8845b3829a55",
    "https://deno.land/x/upstash_redis@v1.22.0/pkg/commands/incrbyfloat.ts": "07e87c6ca61dfb5220df723f8f6d442a7b0878586bf765914f45998269432e5d",
    "https://deno.land/x/upstash_redis@v1.22.0/pkg/commands/json_arrappend.ts": "8f5caf88bb2613cd8bb3ec68dd886972acffc43117dffcbc862d42f145ae19d6",
    "https://deno.land/x/upstash_redis@v1.22.0/pkg/commands/json_arrindex.ts": "16b97c86cc34ab538604030c1b9230659527cb779ec26c2184d5d841b876abdc",
    "https://deno.land/x/upstash_redis@v1.22.0/pkg/commands/json_arrinsert.ts": "726ab53b7a02ae9333492b313dece1e97fc851e47b9cec55959de2e822e8f3bd",
    "https://deno.land/x/upstash_redis@v1.22.0/pkg/commands/json_arrlen.ts": "e28500e9f11b7d4973ae00ca5b1074b04c01783b566742f174099a830639fa90",
    "https://deno.land/x/upstash_redis@v1.22.0/pkg/commands/json_arrpop.ts": "46e3106812588f025cd69826773910dca405a38866fe7a47d732b6cb0f912122",
    "https://deno.land/x/upstash_redis@v1.22.0/pkg/commands/json_arrtrim.ts": "522f1e87e13c925defb199cb9cb4ec3fa1fc31ff46ab91a7ec8f036f7bf21e06",
    "https://deno.land/x/upstash_redis@v1.22.0/pkg/commands/json_clear.ts": "8c2983461dca5c96533ab2c4f5e6806870c623e7ba398d3e450bd8f60a38bcbe",
    "https://deno.land/x/upstash_redis@v1.22.0/pkg/commands/json_del.ts": "4c33d54ab872a7eb9280b10bd8d159b2e608c75beba78d9b04446b887fcb3e1e",
    "https://deno.land/x/upstash_redis@v1.22.0/pkg/commands/json_forget.ts": "9169fdf0dc88ac7c6bbf47c111d4a8f6f23f5355928ed92fc8487932eaac116f",
    "https://deno.land/x/upstash_redis@v1.22.0/pkg/commands/json_get.ts": "aa8cdd20b3817566fd1e35382832e0b9227d4295429a713726e82691e9d55de4",
    "https://deno.land/x/upstash_redis@v1.22.0/pkg/commands/json_mget.ts": "1d04a88f54831f7da6b5b9dc29c85d96dc42006a7ee17df187e96a4efcd39566",
    "https://deno.land/x/upstash_redis@v1.22.0/pkg/commands/json_numincrby.ts": "09a3382c075b91ddccfb8f127d126968db98a8d35a13f55e8b40e81f82724c27",
    "https://deno.land/x/upstash_redis@v1.22.0/pkg/commands/json_nummultby.ts": "61073f851e7c0efd27a10fe248cd64599da138ca42343f4ada10e2c0266bb004",
    "https://deno.land/x/upstash_redis@v1.22.0/pkg/commands/json_objkeys.ts": "dd02c4c8a5ce28a2b5d145b0b97e15e20ce0edafd081c8d39ef4ba54e098d952",
    "https://deno.land/x/upstash_redis@v1.22.0/pkg/commands/json_objlen.ts": "ea8ed1ddcc62e6f6783b944dc0eb2824633d2c47640faf990ebb9883506fe728",
    "https://deno.land/x/upstash_redis@v1.22.0/pkg/commands/json_resp.ts": "b1ffb9b8b72d478d5e7562a704e53fbfb9a6469ebfc7b4deed2a2ff6a148ecb2",
    "https://deno.land/x/upstash_redis@v1.22.0/pkg/commands/json_set.ts": "92187349968f796273e671ce001a7b3e0905d65602d135f172a44dc071b4ea36",
    "https://deno.land/x/upstash_redis@v1.22.0/pkg/commands/json_strappend.ts": "c97ba72a1fdf2d531e86c0ef5b1b0bdf5da83361df896c9be07163425e71005f",
    "https://deno.land/x/upstash_redis@v1.22.0/pkg/commands/json_strlen.ts": "38710b0b0f16e895048154c908363c1aa99cfea1ab2249e2f1f4ce55fb2dfc20",
    "https://deno.land/x/upstash_redis@v1.22.0/pkg/commands/json_toggle.ts": "95e58d17d3499fe624eff249610e30773e884e8fcc6949d67fdfe9d56e5d74f7",
    "https://deno.land/x/upstash_redis@v1.22.0/pkg/commands/json_type.ts": "89cb90fd2c3b0685bb04e51dfd6ee00c967cbd4e6c292dba3c6568aeefa13460",
    "https://deno.land/x/upstash_redis@v1.22.0/pkg/commands/keys.ts": "36dd4074c17d59b8913679d881f9ef0a9d64be5843b4ddcd9633f9c22f1ad5e3",
    "https://deno.land/x/upstash_redis@v1.22.0/pkg/commands/lindex.ts": "19fdf660c92984aff4c3e8c50f2b7a6b92430d6ba79822ecb8c21de534f4aafa",
    "https://deno.land/x/upstash_redis@v1.22.0/pkg/commands/linsert.ts": "1792c369262f6145fbb99a91d047ce01a07dccad07962b4a4e34f4b818669ca9",
    "https://deno.land/x/upstash_redis@v1.22.0/pkg/commands/llen.ts": "0c82404707e01288e1fd347a92b245b07cdb4f6d9f1ccdc653d61df78e493104",
    "https://deno.land/x/upstash_redis@v1.22.0/pkg/commands/lmove.ts": "1bda0e31af0c33341368ea8e2f463078ce6caeff7dcc044dac3531a96652d760",
    "https://deno.land/x/upstash_redis@v1.22.0/pkg/commands/lpop.ts": "36d61a02a1658ed86fc966d314afab3690b8e4275fdc6229694fc9c8def0313e",
    "https://deno.land/x/upstash_redis@v1.22.0/pkg/commands/lpos.ts": "62bf0b311b74f5284f00fe31e8374f6f3b9b4ec8a868309bbb7787c952251744",
    "https://deno.land/x/upstash_redis@v1.22.0/pkg/commands/lpush.ts": "77da2034c6f2143604cea38ea6cc1248564cb9d65b727f0b140ae51dea18088f",
    "https://deno.land/x/upstash_redis@v1.22.0/pkg/commands/lpushx.ts": "cc12838b65ec8940c52a6a1677baa49716a4246d70284cb2e5fd50f6896caa34",
    "https://deno.land/x/upstash_redis@v1.22.0/pkg/commands/lrange.ts": "05c3315fd9c5f587a66176e64ad73b627f2ac16e06fc680fd357cd1684c538f6",
    "https://deno.land/x/upstash_redis@v1.22.0/pkg/commands/lrem.ts": "17979b4b14d5f76f2f4165ab1f5fd5ea9ad57f8c537f0994b5306553f4955a10",
    "https://deno.land/x/upstash_redis@v1.22.0/pkg/commands/lset.ts": "b4bf2d63090082a37b5f07f7b1a84e13315c286a90b673ac9877f97b94dc3af4",
    "https://deno.land/x/upstash_redis@v1.22.0/pkg/commands/ltrim.ts": "645ed938098b8bdea5511edb10961fdd174b85876fb912f6dc5f01dca83721e0",
    "https://deno.land/x/upstash_redis@v1.22.0/pkg/commands/mget.ts": "1c3d158b324528bf297df2e3569038d5ab3f2a2c5725c37fffe8e9f52aee0e40",
    "https://deno.land/x/upstash_redis@v1.22.0/pkg/commands/mod.ts": "cb89037006af15e6bb1dec977b0535bd3a336609cadfc89979013e6932a76af1",
    "https://deno.land/x/upstash_redis@v1.22.0/pkg/commands/mset.ts": "1bd2071ff2c1300469c5052fe22482a528e9486770adce358842f9e63631bbba",
    "https://deno.land/x/upstash_redis@v1.22.0/pkg/commands/msetnx.ts": "c444321245e5e8380834646d032d819036f0cdfc4a4cf21e1f7ef13375994e37",
    "https://deno.land/x/upstash_redis@v1.22.0/pkg/commands/persist.ts": "8b2084e4f463e35c6a73a95f62109c3c7e04771cf2ee5a7fbd0591f79bd220f6",
    "https://deno.land/x/upstash_redis@v1.22.0/pkg/commands/pexpire.ts": "9671f8fc89d3a435adf51fefd1b3dec2c646399da11ddbe8a071c8967236c682",
    "https://deno.land/x/upstash_redis@v1.22.0/pkg/commands/pexpireat.ts": "102acd28e00ade7cdaecd71cbffb9f3898973e0341ac9ae4e75baa8aa413e656",
    "https://deno.land/x/upstash_redis@v1.22.0/pkg/commands/ping.ts": "c2a3bdacbdd2bbd67490e434f4ef705dd230d0ee1b7362491ee8fcf331c88d5e",
    "https://deno.land/x/upstash_redis@v1.22.0/pkg/commands/psetex.ts": "3d5f50d81f18fedf2972b9faeefc955e770500102f6670616bcae72aeea7e6bc",
    "https://deno.land/x/upstash_redis@v1.22.0/pkg/commands/pttl.ts": "1dc04eebde6a97fe3ab1fa5a21f70fbbf20d0587275b55c67d84176020f0c53a",
    "https://deno.land/x/upstash_redis@v1.22.0/pkg/commands/publish.ts": "e736798115caf72cdf7bde9f4aad0a65bb1c63097956f9877b521df16aeac473",
    "https://deno.land/x/upstash_redis@v1.22.0/pkg/commands/randomkey.ts": "ef02967dd2b2cfcfe9842850b840c4bd02af5ee1938d98d97ef8d751d0223f06",
    "https://deno.land/x/upstash_redis@v1.22.0/pkg/commands/rename.ts": "57ea600f060cbf73220afcb413097e5b022315c991417602980a5907d696bec9",
    "https://deno.land/x/upstash_redis@v1.22.0/pkg/commands/renamenx.ts": "63873b5add504aeb469df82bca2603d5077e12a9258ea43434047bd5daba763e",
    "https://deno.land/x/upstash_redis@v1.22.0/pkg/commands/rpop.ts": "05f54a6f69a5b646b467bf6ecce6832807a586ba448ccf5b438b5c286dff3bc7",
    "https://deno.land/x/upstash_redis@v1.22.0/pkg/commands/rpush.ts": "ccf283281faba2107a467121445edec7d117132b0899b6d4a4dd5079cf83d80a",
    "https://deno.land/x/upstash_redis@v1.22.0/pkg/commands/rpushx.ts": "08d3ac8e377dd7792cb7a5591dea5d3464608ecabaa3760d8950f77fc60dbdd4",
    "https://deno.land/x/upstash_redis@v1.22.0/pkg/commands/sadd.ts": "8242a9d4e34e2f2fe7e6032e7eee5ced4c724aeb2597c5e431d568a6426a9ada",
    "https://deno.land/x/upstash_redis@v1.22.0/pkg/commands/scan.ts": "d8eed51a34134190e90c3b77bfbf807cbb1080273ac1028f81beea5dadc2d6d8",
    "https://deno.land/x/upstash_redis@v1.22.0/pkg/commands/scard.ts": "c0cd0a9560e729dde42c9370bedbbcabe8beb559dcdab37c712e990ad1ab6f47",
    "https://deno.land/x/upstash_redis@v1.22.0/pkg/commands/script_exists.ts": "ec34a802ad8ccccecd149acbd5fce8e83299eb867b27a832ae32590dc877dc18",
    "https://deno.land/x/upstash_redis@v1.22.0/pkg/commands/script_flush.ts": "c88cd9df52cc3e7f5039d5c2739b6d7137087407e1ad992513cd5794f69bc528",
    "https://deno.land/x/upstash_redis@v1.22.0/pkg/commands/script_load.ts": "2bb0eddfe4c0a0d49efce6ed62318e9ee1482d8f31905b43c91981e2c02cf557",
    "https://deno.land/x/upstash_redis@v1.22.0/pkg/commands/sdiff.ts": "9caca14e5d21c2fca58b724735b69ac4c0ebafadbda4402bff5e78bf7ebdd97d",
    "https://deno.land/x/upstash_redis@v1.22.0/pkg/commands/sdiffstore.ts": "f02b0280dfc2671fa630cceacfddf8c4fd67d0577f9616e43f5ce538228e21db",
    "https://deno.land/x/upstash_redis@v1.22.0/pkg/commands/set.ts": "e7a46c2276eed8e61be9d58c4d424876ecea2bcb93efd7abbd4b0fc5b17a799f",
    "https://deno.land/x/upstash_redis@v1.22.0/pkg/commands/setbit.ts": "7e1dfa1f29e50412c742e862d560e953010212d3e0d6f1ff5f6829f111255ee6",
    "https://deno.land/x/upstash_redis@v1.22.0/pkg/commands/setex.ts": "a4bb2007a6f6d43b1d207680e8cb40a9d1eedeff1188755a1a9937a510bad4e2",
    "https://deno.land/x/upstash_redis@v1.22.0/pkg/commands/setnx.ts": "c4a0ae9ea88a3c9e3576863221cee1f5974c1e86f20701b0df7483b78d8dda1d",
    "https://deno.land/x/upstash_redis@v1.22.0/pkg/commands/setrange.ts": "d5598d0e8f0d901d09293dc3cdd934827b07173d1b3617fafa5e9fb79dad19a5",
    "https://deno.land/x/upstash_redis@v1.22.0/pkg/commands/sinter.ts": "8e650a63534e9ecdf0b94e11666fe37e6e8b66184a7a96bfb7f25375b794899d",
    "https://deno.land/x/upstash_redis@v1.22.0/pkg/commands/sinterstore.ts": "60b04d306de90048c11f50851725d3398735ba918dfcb965e52546f174ba9b29",
    "https://deno.land/x/upstash_redis@v1.22.0/pkg/commands/sismember.ts": "dcaeb0422ef38d02793c3680950dafcbcf3a935130c9923b0bf62d80d7db604c",
    "https://deno.land/x/upstash_redis@v1.22.0/pkg/commands/smembers.ts": "69ebcf8a4d384b0c15709e875e56ad3b8c61cf79034a8c30c88c0795a36ecf67",
    "https://deno.land/x/upstash_redis@v1.22.0/pkg/commands/smismember.ts": "47457d5211e051f314eb16565b0ea15bb6341be497daaeaea2b5fb284cbb3b9d",
    "https://deno.land/x/upstash_redis@v1.22.0/pkg/commands/smove.ts": "64d7c5b8d4d4f17cb10e0aa024b371dbe59c22f96248388bdc63411fbc093106",
    "https://deno.land/x/upstash_redis@v1.22.0/pkg/commands/spop.ts": "96cdec492f2ad652c6eb50bf4f838aba1247c12dc641ca63aa1c7af9a1caa464",
    "https://deno.land/x/upstash_redis@v1.22.0/pkg/commands/srandmember.ts": "e429f6f96e00f8cc19fbeed53cebe52740f0417d7b15ec2ed1f20a9ecb51c043",
    "https://deno.land/x/upstash_redis@v1.22.0/pkg/commands/srem.ts": "0b3f22a1f68739aaec4e7eb24d4c4a0a21a20e76169abe5d12e8c414dc612203",
    "https://deno.land/x/upstash_redis@v1.22.0/pkg/commands/sscan.ts": "2d9980294af9e7533d071ac5cc681a4353be6f6d44a08f543eaba014fe6fb0d1",
    "https://deno.land/x/upstash_redis@v1.22.0/pkg/commands/strlen.ts": "c4473211982ab1928be97a0508355c938d85c5e407eb50c031cf60222ed76748",
    "https://deno.land/x/upstash_redis@v1.22.0/pkg/commands/sunion.ts": "17288149935bb1d5d5ee2a573316f8548279b2f40fc489e21f0d7b67165b3de9",
    "https://deno.land/x/upstash_redis@v1.22.0/pkg/commands/sunionstore.ts": "e1fd559d77ee55045f449a70c16b64d51a76c39dd91cca5acb08b3674804fd65",
    "https://deno.land/x/upstash_redis@v1.22.0/pkg/commands/time.ts": "a9369529c7f90dad581399729756833e07aa021113c81e884728b1d88180c42b",
    "https://deno.land/x/upstash_redis@v1.22.0/pkg/commands/touch.ts": "de30108091d443f1d839784068a24e23a31cfa2849bb2830ae880637cd6c6bee",
    "https://deno.land/x/upstash_redis@v1.22.0/pkg/commands/ttl.ts": "59c6bb55279eeca818ded3b064a4468c207dc20a9bb1adf041a7641db25cf2bf",
    "https://deno.land/x/upstash_redis@v1.22.0/pkg/commands/type.ts": "45f6a2cf5bef44067d85d399dbe996d519797dad91b125b592082adb0cd21346",
    "https://deno.land/x/upstash_redis@v1.22.0/pkg/commands/unlink.ts": "8e4f798f269e1d90b09cd651e6bb7299d73ac0851b63d528bd1977415eae66a7",
    "https://deno.land/x/upstash_redis@v1.22.0/pkg/commands/zadd.ts": "81b17c7f0b640b8bcbb6151e5753ed1b8d56bafd13be171c608bafcfaa6e6041",
    "https://deno.land/x/upstash_redis@v1.22.0/pkg/commands/zcard.ts": "aabcb2807530ca78b4e5209d2d438ec5ed63b4a2024d6f62fe7cc5447816c2f2",
    "https://deno.land/x/upstash_redis@v1.22.0/pkg/commands/zcount.ts": "ad88591dcefc8bcaa24f32dbcfff35f82a61ccd36a562429b3ff8216ac754146",
    "https://deno.land/x/upstash_redis@v1.22.0/pkg/commands/zdiffstore.ts": "6007fb514e79593e3b37a7872a711849c3c4506419c908e9e12328568b243000",
    "https://deno.land/x/upstash_redis@v1.22.0/pkg/commands/zincrby.ts": "e58e72348f27cad636320a76a6461b6e7708c990027b8709b3a7ac84120617be",
    "https://deno.land/x/upstash_redis@v1.22.0/pkg/commands/zinterstore.ts": "6fb94390fb902e74dbc577a614d7e315e13d5c47309675b938fdb323f7cca06f",
    "https://deno.land/x/upstash_redis@v1.22.0/pkg/commands/zlexcount.ts": "ced0b60c255f81008ddb7a8ae75d55493035ac37050fba681e416e723c3ceadc",
    "https://deno.land/x/upstash_redis@v1.22.0/pkg/commands/zmscore.ts": "ac8162797d0d35f0a72651b3db953cfbb2f56cccc911d42934c8e7cd66d12d11",
    "https://deno.land/x/upstash_redis@v1.22.0/pkg/commands/zpopmax.ts": "3367e079bc3e07a0e6f7eda43ec52a1929e287a1e261cf5c63df32f275b9b567",
    "https://deno.land/x/upstash_redis@v1.22.0/pkg/commands/zpopmin.ts": "b8998941e29ebe7a5e9b2df43faabffe9126f7a3682debe34c92b2cb0190e6a3",
    "https://deno.land/x/upstash_redis@v1.22.0/pkg/commands/zrange.ts": "7a3d840525aa17bd7fc06062c6919a5affe3a36c240895dcd22f96b7884774c5",
    "https://deno.land/x/upstash_redis@v1.22.0/pkg/commands/zrank.ts": "a5010f33b3b18f6d28fda1b45275840f11b31d162e8ffca5cb60785fc15c9b38",
    "https://deno.land/x/upstash_redis@v1.22.0/pkg/commands/zrem.ts": "d5fa92243158fe1c0ddd161d7aef7c4fab3d6d2180dc6e478d8a423aac0078da",
    "https://deno.land/x/upstash_redis@v1.22.0/pkg/commands/zremrangebylex.ts": "0c023863bd770f842150ea3218b391e9317c1edcd3ebb22a610fbcb71797aa81",
    "https://deno.land/x/upstash_redis@v1.22.0/pkg/commands/zremrangebyrank.ts": "44a08191c50edd38d83e025a83cea4ac8e240981aa7a7e24f9a2931f5a380d6c",
    "https://deno.land/x/upstash_redis@v1.22.0/pkg/commands/zremrangebyscore.ts": "20d5c9f19b2bd67b84790ebb83092541318b16701623d9787c60f24db92b71ff",
    "https://deno.land/x/upstash_redis@v1.22.0/pkg/commands/zrevrank.ts": "55a50470a8c089e61325d16a8cd42ea376c1fb4857df5ea4b1a2d8fb5e328a32",
    "https://deno.land/x/upstash_redis@v1.22.0/pkg/commands/zscan.ts": "eab7069ba31cb8b24df3db139b4f8899af0342ea43327463608ef4e92cd06fdf",
    "https://deno.land/x/upstash_redis@v1.22.0/pkg/commands/zscore.ts": "1977f586cbc9374dda8d4ad790c7b3c0a34cbde6d91cf6a7e5b064ed030a77ad",
    "https://deno.land/x/upstash_redis@v1.22.0/pkg/commands/zunionstore.ts": "67393ede82edfe0708ad9f2eb8ef78a1e3099ee7365f9925ce22097e465452cb",
    "https://deno.land/x/upstash_redis@v1.22.0/pkg/error.ts": "17c357eab8dca7700286355581e395d64f454bd5c478444f12be273d8a3e5ffe",
    "https://deno.land/x/upstash_redis@v1.22.0/pkg/http.ts": "d91bf2dc7afa82acc854e098f200250eb7fa1e873eb573da62c9f973240e410e",
    "https://deno.land/x/upstash_redis@v1.22.0/pkg/pipeline.ts": "91c405ac77162fa43dde7f64f06c4a0350b468f98f863783dc2b0c2ad38e2a59",
    "https://deno.land/x/upstash_redis@v1.22.0/pkg/redis.ts": "affa5c5185ff4095f6110ff8b5a427368a7ecbcf38fbeac2ad4522920306bfcd",
    "https://deno.land/x/upstash_redis@v1.22.0/pkg/script.ts": "4f7510a8511b9cc4fe63d8c14e381bd753cc2b296d88904c6c0e1bb950b31a4e",
    "https://deno.land/x/upstash_redis@v1.22.0/pkg/types.ts": "ec63152f10f9eb7ac103ec013b30b7967865b4facfbf59d776ede723f9b876e3",
    "https://deno.land/x/upstash_redis@v1.22.0/pkg/util.ts": "bda4f5eb90ff82d2443ec8908a376079a44af328ee64390d2e5ee7687a171556",
    "https://deno.land/x/upstash_redis@v1.22.0/version.ts": "aa9c376c51ee3e4c1f434334743e2463b1ce87a3f1f4daa3e5c31e0108e67407",
    "https://denopkg.com/chiefbiiko/std-encoding@v1.0.0/mod.ts": "4a927e5cd1d9b080d72881eb285b3b94edb6dadc1828aeb194117645f4481ac0"
  },
  "npm": {
    "specifiers": {
      "ioredis": "ioredis@5.3.2",
      "redis": "redis@4.6.7_@redis+client@1.5.8"
    },
    "packages": {
      "@ioredis/commands@1.2.0": {
        "integrity": "sha512-Sx1pU8EM64o2BrqNpEO1CNLtKQwyhuXuqyfH7oGKCk+1a33d2r5saW8zNwm3j6BTExtjrv2BxTgzzkMwts6vGg==",
        "dependencies": {}
      },
      "@redis/bloom@1.2.0_@redis+client@1.5.8": {
        "integrity": "sha512-HG2DFjYKbpNmVXsa0keLHp/3leGJz1mjh09f2RLGGLQZzSHpkmZWuwJbAvo3QcRY8p80m5+ZdXZdYOSBLlp7Cg==",
        "dependencies": {
          "@redis/client": "@redis/client@1.5.8"
        }
      },
      "@redis/client@1.5.8": {
        "integrity": "sha512-xzElwHIO6rBAqzPeVnCzgvrnBEcFL1P0w8P65VNLRkdVW8rOE58f52hdj0BDgmsdOm4f1EoXPZtH4Fh7M/qUpw==",
        "dependencies": {
          "cluster-key-slot": "cluster-key-slot@1.1.2",
          "generic-pool": "generic-pool@3.9.0",
          "yallist": "yallist@4.0.0"
        }
      },
      "@redis/graph@1.1.0_@redis+client@1.5.8": {
        "integrity": "sha512-16yZWngxyXPd+MJxeSr0dqh2AIOi8j9yXKcKCwVaKDbH3HTuETpDVPcLujhFYVPtYrngSco31BUcSa9TH31Gqg==",
        "dependencies": {
          "@redis/client": "@redis/client@1.5.8"
        }
      },
      "@redis/json@1.0.4_@redis+client@1.5.8": {
        "integrity": "sha512-LUZE2Gdrhg0Rx7AN+cZkb1e6HjoSKaeeW8rYnt89Tly13GBI5eP4CwDVr+MY8BAYfCg4/N15OUrtLoona9uSgw==",
        "dependencies": {
          "@redis/client": "@redis/client@1.5.8"
        }
      },
      "@redis/search@1.1.3_@redis+client@1.5.8": {
        "integrity": "sha512-4Dg1JjvCevdiCBTZqjhKkGoC5/BcB7k9j99kdMnaXFXg8x4eyOIVg9487CMv7/BUVkFLZCaIh8ead9mU15DNng==",
        "dependencies": {
          "@redis/client": "@redis/client@1.5.8"
        }
      },
      "@redis/time-series@1.0.4_@redis+client@1.5.8": {
        "integrity": "sha512-ThUIgo2U/g7cCuZavucQTQzA9g9JbDDY2f64u3AbAoz/8vE2lt2U37LamDUVChhaDA3IRT9R6VvJwqnUfTJzng==",
        "dependencies": {
          "@redis/client": "@redis/client@1.5.8"
        }
      },
      "cluster-key-slot@1.1.2": {
        "integrity": "sha512-RMr0FhtfXemyinomL4hrWcYJxmX6deFdCxpJzhDttxgO1+bcCnkk+9drydLVDmAMG7NE6aN/fl4F7ucU/90gAA==",
        "dependencies": {}
      },
      "debug@4.3.4": {
        "integrity": "sha512-PRWFHuSU3eDtQJPvnNY7Jcket1j0t5OuOsFzPPzsekD52Zl8qUfFIPEiswXqIvHWGVHOgX+7G/vCNNhehwxfkQ==",
        "dependencies": {
          "ms": "ms@2.1.2"
        }
      },
      "denque@2.1.0": {
        "integrity": "sha512-HVQE3AAb/pxF8fQAoiqpvg9i3evqug3hoiwakOyZAwJm+6vZehbkYXZ0l4JxS+I3QxM97v5aaRNhj8v5oBhekw==",
        "dependencies": {}
      },
      "generic-pool@3.9.0": {
        "integrity": "sha512-hymDOu5B53XvN4QT9dBmZxPX4CWhBPPLguTZ9MMFeFa/Kg0xWVfylOVNlJji/E7yTZWFd/q9GO5TxDLq156D7g==",
        "dependencies": {}
      },
      "ioredis@5.3.2": {
        "integrity": "sha512-1DKMMzlIHM02eBBVOFQ1+AolGjs6+xEcM4PDL7NqOS6szq7H9jSaEkIUH6/a5Hl241LzW6JLSiAbNvTQjUupUA==",
        "dependencies": {
          "@ioredis/commands": "@ioredis/commands@1.2.0",
          "cluster-key-slot": "cluster-key-slot@1.1.2",
          "debug": "debug@4.3.4",
          "denque": "denque@2.1.0",
          "lodash.defaults": "lodash.defaults@4.2.0",
          "lodash.isarguments": "lodash.isarguments@3.1.0",
          "redis-errors": "redis-errors@1.2.0",
          "redis-parser": "redis-parser@3.0.0",
          "standard-as-callback": "standard-as-callback@2.1.0"
        }
      },
      "lodash.defaults@4.2.0": {
        "integrity": "sha512-qjxPLHd3r5DnsdGacqOMU6pb/avJzdh9tFX2ymgoZE27BmjXrNy/y4LoaiTeAb+O3gL8AfpJGtqfX/ae2leYYQ==",
        "dependencies": {}
      },
      "lodash.isarguments@3.1.0": {
        "integrity": "sha512-chi4NHZlZqZD18a0imDHnZPrDeBbTtVN7GXMwuGdRH9qotxAjYs3aVLKc7zNOG9eddR5Ksd8rvFEBc9SsggPpg==",
        "dependencies": {}
      },
      "ms@2.1.2": {
        "integrity": "sha512-sGkPx+VjMtmA6MX27oA4FBFELFCZZ4S4XqeGOXCv68tT+jb3vk/RyaKWP0PTKyWtmLSM0b+adUTEvbs1PEaH2w==",
        "dependencies": {}
      },
      "redis-errors@1.2.0": {
        "integrity": "sha512-1qny3OExCf0UvUV/5wpYKf2YwPcOqXzkwKKSmKHiE6ZMQs5heeE/c8eXK+PNllPvmjgAbfnsbpkGZWy8cBpn9w==",
        "dependencies": {}
      },
      "redis-parser@3.0.0": {
        "integrity": "sha512-DJnGAeenTdpMEH6uAJRK/uiyEIH9WVsUmoLwzudwGJUwZPp80PDBWPHXSAGNPwNvIXAbe7MSUB1zQFugFml66A==",
        "dependencies": {
          "redis-errors": "redis-errors@1.2.0"
        }
      },
      "redis@4.6.7_@redis+client@1.5.8": {
        "integrity": "sha512-KrkuNJNpCwRm5vFJh0tteMxW8SaUzkm5fBH7eL5hd/D0fAkzvapxbfGPP/r+4JAXdQuX7nebsBkBqA2RHB7Usw==",
        "dependencies": {
          "@redis/bloom": "@redis/bloom@1.2.0_@redis+client@1.5.8",
          "@redis/client": "@redis/client@1.5.8",
          "@redis/graph": "@redis/graph@1.1.0_@redis+client@1.5.8",
          "@redis/json": "@redis/json@1.0.4_@redis+client@1.5.8",
          "@redis/search": "@redis/search@1.1.3_@redis+client@1.5.8",
          "@redis/time-series": "@redis/time-series@1.0.4_@redis+client@1.5.8"
        }
      },
      "standard-as-callback@2.1.0": {
        "integrity": "sha512-qoRRSyROncaz1z0mvYqIE4lCd9p2R90i6GxW3uZv5ucSu8tU7B5HXUP1gG8pVZsYNVaXjk8ClXHPttLyxAL48A==",
        "dependencies": {}
      },
      "yallist@4.0.0": {
        "integrity": "sha512-3wdGidZyq5PB084XLES5TpOSRA3wjXAlIWMhum2kRcv/41Sn2emQ0dycQW4uZXLejwKvg6EsvbdlVL+FYEct7A==",
        "dependencies": {}
      }
    }
  }
}
